interactions:
- request:
    body: null
    headers:
      Accept:
      - application/json
      Accept-Encoding:
      - gzip, deflate
      Connection:
      - keep-alive
      Content-Type:
      - application/json
    method: GET
    uri: http://host.docker.internal:8001/api/workflows/literature/search/?status__in=running__approval__error__fuzzy_matching__blocked&data.arxiv_eprints.value=2507.26819
  response:
    body:
      string: '{"count":3,"next":null,"previous":null,"facets":{"_filter_workflow_type":{"doc_count":3,"workflow_type":{"doc_count_error_upper_bound":0,"sum_other_doc_count":0,"buckets":[{"key":"HEP_CREATE","doc_count":3,"status":{"doc_count_error_upper_bound":0,"sum_other_doc_count":0,"buckets":[{"key":"blocked","doc_count":1},{"key":"matching","doc_count":1},{"key":"running","doc_count":1}]}}]}},"_filter_status":{"doc_count":3,"status":{"doc_count_error_upper_bound":0,"sum_other_doc_count":0,"buckets":[{"key":"blocked","doc_count":1},{"key":"matching","doc_count":1},{"key":"running","doc_count":1}]}}},"results":[{"id":"00000000-0000-0000-0000-000000001111","workflow_type":"HEP_CREATE","_updated_at":"2024-11-25T13:49:54.756000+00:00","_created_at":"2024-11-25T13:49:53.009000+00:00","data":{"titles":[{"title":"A
        New Discovery in High Energy Physics"}],"$schema":"https://inspirebeta.net/schemas/records/hep.json","_collections":["Literature"],"arxiv_eprints":[{"value":"2507.26819","categories":["cs.CV","cs.AI","cs.LG","cs.RO"]}],"document_type":["article"],"acquisition_source":{"email":"user@cern.ch","orcid":"0000-0000-0000-0000","method":"submitter","source":"submitter","datetime":"2024-11-18T11:34:19.809575","internal_uid":50872}},"decisions":[],"status":"running"},{"id":"6e84fd0b-8d0b-4147-9aee-c28a4f787b0d","workflow_type":"HEP_CREATE","_updated_at":"2024-11-25T13:49:54.756000+00:00","_created_at":"2024-11-25T13:49:53.009000+00:00","data":{"urls":[{"value":"https://example.com"},{"value":"https://other-page.com"}],"titles":[{"title":"The
        MAGIS-100 Experiment and a Future, Kilometer-scale Atom Interferometer","source":"submitter"}],"$schema":"https://inspirehep.net/schemas/records/hep.json","_collections":["Literature"],"arxiv_eprints":[{"value":"2507.26819","categories":["cs.CV","cs.AI","cs.LG","cs.RO"]}],"document_type":["article"],"_private_notes":[{"value":"Also
        some comments"}],"acquisition_source":{"email":"user@cern.ch","orcid":"0000-0000-0000-0000","method":"submitter","source":"submitter","datetime":"2024-11-18T11:34:19.809575","internal_uid":50872}},"decisions":[],"status":"blocked"},{"id":"66961888-a628-46b7-b807-4deae3478adc","workflow_type":"HEP_CREATE","_updated_at":"2024-11-25T13:49:54.756000+00:00","_created_at":"2024-11-25T13:49:53.009000+00:00","data":{"urls":[{"value":"https://example.com"},{"value":"https://other-page.com"}],"titles":[{"title":"The
        MAGIS-100 Experiment and a Future, Kilometer-scale Atom Interferometer","source":"submitter"}],"$schema":"https://inspirehep.net/schemas/records/hep.json","_collections":["Literature"],"arxiv_eprints":[{"value":"2507.26819","categories":["cs.CV","cs.AI","cs.LG","cs.RO"]}],"document_type":["article"],"_private_notes":[{"value":"Also
        some comments"}],"acquisition_source":{"email":"user@cern.ch","orcid":"0000-0000-0000-0000","method":"submitter","source":"submitter","datetime":"2024-11-18T11:34:19.809575","internal_uid":50872}},"decisions":[],"status":"matching"}]}'
    headers:
      Allow:
      - GET, HEAD, OPTIONS
      Content-Language:
      - en
      Content-Length:
      - '2965'
      Content-Type:
      - application/json
      Cross-Origin-Opener-Policy:
      - same-origin
      Date:
      - Tue, 21 Oct 2025 12:56:39 GMT
      Referrer-Policy:
      - same-origin
      Server:
      - WSGIServer/0.2 CPython/3.11.6
      Vary:
      - Accept, Accept-Language, Cookie, origin
      X-Content-Type-Options:
      - nosniff
      X-Frame-Options:
      - DENY
    status:
      code: 200
      message: OK
- request:
    body: '{"status": "blocked"}'
    headers:
      Accept:
      - application/json
      Accept-Encoding:
      - gzip, deflate
      Connection:
      - keep-alive
      Content-Length:
      - '21'
      Content-Type:
      - application/json
    method: PATCH
    uri: http://host.docker.internal:8001/api/workflows/literature/00000000-0000-0000-0000-000000001111/
  response:
    body:
      string: '{"id":"00000000-0000-0000-0000-000000001111","data":{"titles":[{"title":"A
        New Discovery in High Energy Physics"}],"$schema":"https://inspirebeta.net/schemas/records/hep.json","_collections":["Literature"],"arxiv_eprints":[{"value":"2507.26819","categories":["cs.CV","cs.AI","cs.LG","cs.RO"]}],"document_type":["article"],"acquisition_source":{"email":"user@cern.ch","orcid":"0000-0000-0000-0000","method":"submitter","source":"submitter","datetime":"2024-11-18T11:34:19.809575","internal_uid":50872}},"tickets":[],"decisions":[{"id":1,"workflow":"00000000-0000-0000-0000-000000001111","_created_at":"2025-08-26T14:45:14.237000Z","_updated_at":"2025-08-26T14:45:14.237000Z","action":"exact_match","value":"paper1","user":"admin@admin.com"}],"workflow_type":"HEP_CREATE","_created_at":"2024-11-25T13:49:53.009000Z","_updated_at":"2025-10-21T12:56:39.774447Z","journal_coverage":null,"status":"blocked"}'
    headers:
      Allow:
      - GET, PUT, PATCH, DELETE, HEAD, OPTIONS
      Content-Language:
      - en
      Content-Length:
      - '901'
      Content-Type:
      - application/json
      Cross-Origin-Opener-Policy:
      - same-origin
      Date:
      - Tue, 21 Oct 2025 12:56:39 GMT
      Referrer-Policy:
      - same-origin
      Server:
      - WSGIServer/0.2 CPython/3.11.6
      Vary:
      - Accept, Accept-Language, Cookie, origin
      X-Content-Type-Options:
      - nosniff
      X-Frame-Options:
      - DENY
    status:
      code: 200
      message: OK
version: 1
